// !$*UTF8*$!
{
	archiveVersion = 1;
	classes = {
	};
	objectVersion = 50;
	objects = {

/* Begin PBXBuildFile section */
		1D10C0CC26014B400076565C /* AppDelegate.swift in Sources */ = {isa = PBXBuildFile; fileRef = 1D10C0CB26014B400076565C /* AppDelegate.swift */; };
		1D10C0CE26014B400076565C /* SceneDelegate.swift in Sources */ = {isa = PBXBuildFile; fileRef = 1D10C0CD26014B400076565C /* SceneDelegate.swift */; };
		1D10C0D026014B400076565C /* ContentView.swift in Sources */ = {isa = PBXBuildFile; fileRef = 1D10C0CF26014B400076565C /* ContentView.swift */; };
		1D10C0D226014B420076565C /* Assets.xcassets in Resources */ = {isa = PBXBuildFile; fileRef = 1D10C0D126014B420076565C /* Assets.xcassets */; };
		1D10C0D526014B420076565C /* Preview Assets.xcassets in Resources */ = {isa = PBXBuildFile; fileRef = 1D10C0D426014B420076565C /* Preview Assets.xcassets */; };
		1D10C0D826014B420076565C /* LaunchScreen.storyboard in Resources */ = {isa = PBXBuildFile; fileRef = 1D10C0D626014B420076565C /* LaunchScreen.storyboard */; };
		1D10C0E126014B910076565C /* rules.json in Resources */ = {isa = PBXBuildFile; fileRef = 1D10C0E026014B910076565C /* rules.json */; };
		1D10C0E426015CDA0076565C /* Rules.swift in Sources */ = {isa = PBXBuildFile; fileRef = 1D10C0E326015CDA0076565C /* Rules.swift */; };
		1D47E723260829D200BEF25C /* GnarLogin.swift in Sources */ = {isa = PBXBuildFile; fileRef = 1D47E722260829D200BEF25C /* GnarLogin.swift */; };
		1D602A1A26031761007B7EE4 /* Helper.swift in Sources */ = {isa = PBXBuildFile; fileRef = 1D602A1926031761007B7EE4 /* Helper.swift */; };
		1D602A2726032414007B7EE4 /* RulesRow.swift in Sources */ = {isa = PBXBuildFile; fileRef = 1D602A2626032414007B7EE4 /* RulesRow.swift */; };
		1D602A2A2603ED26007B7EE4 /* RulesList.swift in Sources */ = {isa = PBXBuildFile; fileRef = 1D602A292603ED26007B7EE4 /* RulesList.swift */; };
		1D602A2D2603F6AE007B7EE4 /* RulesDetail.swift in Sources */ = {isa = PBXBuildFile; fileRef = 1D602A2C2603F6AE007B7EE4 /* RulesDetail.swift */; };
		1D602A302604593C007B7EE4 /* CustomButtonStyle.swift in Sources */ = {isa = PBXBuildFile; fileRef = 1D602A2F2604593B007B7EE4 /* CustomButtonStyle.swift */; };
/* End PBXBuildFile section */

/* Begin PBXFileReference section */
		1D10C0C826014B400076565C /* GNAR.app */ = {isa = PBXFileReference; explicitFileType = wrapper.application; includeInIndex = 0; path = GNAR.app; sourceTree = BUILT_PRODUCTS_DIR; };
		1D10C0CB26014B400076565C /* AppDelegate.swift */ = {isa = PBXFileReference; lastKnownFileType = sourcecode.swift; path = AppDelegate.swift; sourceTree = "<group>"; };
		1D10C0CD26014B400076565C /* SceneDelegate.swift */ = {isa = PBXFileReference; lastKnownFileType = sourcecode.swift; path = SceneDelegate.swift; sourceTree = "<group>"; };
		1D10C0CF26014B400076565C /* ContentView.swift */ = {isa = PBXFileReference; lastKnownFileType = sourcecode.swift; path = ContentView.swift; sourceTree = "<group>"; };
		1D10C0D126014B420076565C /* Assets.xcassets */ = {isa = PBXFileReference; lastKnownFileType = folder.assetcatalog; path = Assets.xcassets; sourceTree = "<group>"; };
		1D10C0D426014B420076565C /* Preview Assets.xcassets */ = {isa = PBXFileReference; lastKnownFileType = folder.assetcatalog; path = "Preview Assets.xcassets"; sourceTree = "<group>"; };
		1D10C0D726014B420076565C /* Base */ = {isa = PBXFileReference; lastKnownFileType = file.storyboard; name = Base; path = Base.lproj/LaunchScreen.storyboard; sourceTree = "<group>"; };
		1D10C0D926014B420076565C /* Info.plist */ = {isa = PBXFileReference; lastKnownFileType = text.plist.xml; path = Info.plist; sourceTree = "<group>"; };
		1D10C0E026014B910076565C /* rules.json */ = {isa = PBXFileReference; lastKnownFileType = text.json; path = rules.json; sourceTree = "<group>"; };
		1D10C0E326015CDA0076565C /* Rules.swift */ = {isa = PBXFileReference; lastKnownFileType = sourcecode.swift; path = Rules.swift; sourceTree = "<group>"; };
		1D47E722260829D200BEF25C /* GnarLogin.swift */ = {isa = PBXFileReference; lastKnownFileType = sourcecode.swift; path = GnarLogin.swift; sourceTree = "<group>"; };
		1D602A1926031761007B7EE4 /* Helper.swift */ = {isa = PBXFileReference; lastKnownFileType = sourcecode.swift; path = Helper.swift; sourceTree = "<group>"; };
		1D602A2626032414007B7EE4 /* RulesRow.swift */ = {isa = PBXFileReference; lastKnownFileType = sourcecode.swift; path = RulesRow.swift; sourceTree = "<group>"; };
		1D602A292603ED26007B7EE4 /* RulesList.swift */ = {isa = PBXFileReference; lastKnownFileType = sourcecode.swift; path = RulesList.swift; sourceTree = "<group>"; };
		1D602A2C2603F6AE007B7EE4 /* RulesDetail.swift */ = {isa = PBXFileReference; lastKnownFileType = sourcecode.swift; path = RulesDetail.swift; sourceTree = "<group>"; };
		1D602A2F2604593B007B7EE4 /* CustomButtonStyle.swift */ = {isa = PBXFileReference; lastKnownFileType = sourcecode.swift; path = CustomButtonStyle.swift; sourceTree = "<group>"; };
/* End PBXFileReference section */

/* Begin PBXFrameworksBuildPhase section */
		1D10C0C526014B400076565C /* Frameworks */ = {
			isa = PBXFrameworksBuildPhase;
			buildActionMask = 2147483647;
			files = (
			);
			runOnlyForDeploymentPostprocessing = 0;
		};
/* End PBXFrameworksBuildPhase section */

/* Begin PBXGroup section */
		1D10C0BF26014B400076565C = {
			isa = PBXGroup;
			children = (
				1D10C0CA26014B400076565C /* GNAR */,
				1D10C0C926014B400076565C /* Products */,
			);
			sourceTree = "<group>";
		};
		1D10C0C926014B400076565C /* Products */ = {
			isa = PBXGroup;
			children = (
				1D10C0C826014B400076565C /* GNAR.app */,
			);
			name = Products;
			sourceTree = "<group>";
		};
		1D10C0CA26014B400076565C /* GNAR */ = {
			isa = PBXGroup;
			children = (
				1D10C0CB26014B400076565C /* AppDelegate.swift */,
				1D10C0CD26014B400076565C /* SceneDelegate.swift */,
				1D602A24260323BE007B7EE4 /* Views */,
				1D602A22260323A9007B7EE4 /* Model */,
				1D10C0D126014B420076565C /* Assets.xcassets */,
				1D10C0D626014B420076565C /* LaunchScreen.storyboard */,
				1D10C0D926014B420076565C /* Info.plist */,
				1D10C0D326014B420076565C /* Preview Content */,
				1D602A202603234C007B7EE4 /* Resources */,
			);
			path = GNAR;
			sourceTree = "<group>";
		};
		1D10C0D326014B420076565C /* Preview Content */ = {
			isa = PBXGroup;
			children = (
				1D10C0D426014B420076565C /* Preview Assets.xcassets */,
			);
			path = "Preview Content";
			sourceTree = "<group>";
		};
		1D602A202603234C007B7EE4 /* Resources */ = {
			isa = PBXGroup;
			children = (
				1D10C0E026014B910076565C /* rules.json */,
			);
			path = Resources;
			sourceTree = "<group>";
		};
		1D602A22260323A9007B7EE4 /* Model */ = {
			isa = PBXGroup;
			children = (
				1D10C0E326015CDA0076565C /* Rules.swift */,
				1D602A1926031761007B7EE4 /* Helper.swift */,
				1D602A2F2604593B007B7EE4 /* CustomButtonStyle.swift */,
			);
			path = Model;
			sourceTree = "<group>";
		};
		1D602A24260323BE007B7EE4 /* Views */ = {
			isa = PBXGroup;
			children = (
				1D10C0CF26014B400076565C /* ContentView.swift */,
				1D602A2626032414007B7EE4 /* RulesRow.swift */,
				1D602A292603ED26007B7EE4 /* RulesList.swift */,
				1D602A2C2603F6AE007B7EE4 /* RulesDetail.swift */,
				1D47E722260829D200BEF25C /* GnarLogin.swift */,
			);
			path = Views;
			sourceTree = "<group>";
		};
/* End PBXGroup section */

/* Begin PBXNativeTarget section */
		1D10C0C726014B400076565C /* GNAR */ = {
			isa = PBXNativeTarget;
			buildConfigurationList = 1D10C0DC26014B420076565C /* Build configuration list for PBXNativeTarget "GNAR" */;
			buildPhases = (
				1D10C0C426014B400076565C /* Sources */,
				1D10C0C526014B400076565C /* Frameworks */,
				1D10C0C626014B400076565C /* Resources */,
			);
			buildRules = (
			);
			dependencies = (
			);
			name = GNAR;
			productName = GNAR;
			productReference = 1D10C0C826014B400076565C /* GNAR.app */;
			productType = "com.apple.product-type.application";
		};
/* End PBXNativeTarget section */

/* Begin PBXProject section */
		1D10C0C026014B400076565C /* Project object */ = {
			isa = PBXProject;
			attributes = {
				LastSwiftUpdateCheck = 1240;
				LastUpgradeCheck = 1240;
				TargetAttributes = {
					1D10C0C726014B400076565C = {
						CreatedOnToolsVersion = 12.4;
					};
				};
			};
			buildConfigurationList = 1D10C0C326014B400076565C /* Build configuration list for PBXProject "GNAR" */;
			compatibilityVersion = "Xcode 9.3";
			developmentRegion = en;
			hasScannedForEncodings = 0;
			knownRegions = (
				en,
				Base,
			);
			mainGroup = 1D10C0BF26014B400076565C;
			productRefGroup = 1D10C0C926014B400076565C /* Products */;
			projectDirPath = "";
			projectRoot = "";
			targets = (
				1D10C0C726014B400076565C /* GNAR */,
			);
		};
/* End PBXProject section */

/* Begin PBXResourcesBuildPhase section */
		1D10C0C626014B400076565C /* Resources */ = {
			isa = PBXResourcesBuildPhase;
			buildActionMask = 2147483647;
			files = (
				1D10C0D826014B420076565C /* LaunchScreen.storyboard in Resources */,
				1D10C0E126014B910076565C /* rules.json in Resources */,
				1D10C0D526014B420076565C /* Preview Assets.xcassets in Resources */,
				1D10C0D226014B420076565C /* Assets.xcassets in Resources */,
			);
			runOnlyForDeploymentPostprocessing = 0;
		};
/* End PBXResourcesBuildPhase section */

/* Begin PBXSourcesBuildPhase section */
		1D10C0C426014B400076565C /* Sources */ = {
			isa = PBXSourcesBuildPhase;
			buildActionMask = 2147483647;
			files = (
				1D602A302604593C007B7EE4 /* CustomButtonStyle.swift in Sources */,
				1D10C0CC26014B400076565C /* AppDelegate.swift in Sources */,
				1D10C0E426015CDA0076565C /* Rules.swift in Sources */,
				1D602A2D2603F6AE007B7EE4 /* RulesDetail.swift in Sources */,
				1D602A1A26031761007B7EE4 /* Helper.swift in Sources */,
				1D10C0CE26014B400076565C /* SceneDelegate.swift in Sources */,
				1D602A2726032414007B7EE4 /* RulesRow.swift in Sources */,
				1D10C0D026014B400076565C /* ContentView.swift in Sources */,
				1D602A2A2603ED26007B7EE4 /* RulesList.swift in Sources */,
				1D47E723260829D200BEF25C /* GnarLogin.swift in Sources */,
			);
			runOnlyForDeploymentPostprocessing = 0;
		};
/* End PBXSourcesBuildPhase section */

/* Begin PBXVariantGroup section */
		1D10C0D626014B420076565C /* LaunchScreen.storyboard */ = {
			isa = PBXVariantGroup;
			children = (
				1D10C0D726014B420076565C /* Base */,
			);
			name = LaunchScreen.storyboard;
			sourceTree = "<group>";
		};
/* End PBXVariantGroup section */

/* Begin XCBuildConfiguration section */
		1D10C0DA26014B420076565C /* Debug */ = {
			isa = XCBuildConfiguration;
			buildSettings = {
				ALWAYS_SEARCH_USER_PATHS = NO;
				CLANG_ANALYZER_NONNULL = YES;
				CLANG_ANALYZER_NUMBER_OBJECT_CONVERSION = YES_AGGRESSIVE;
				CLANG_CXX_LANGUAGE_STANDARD = "gnu++14";
				CLANG_CXX_LIBRARY = "libc++";
				CLANG_ENABLE_MODULES = YES;
				CLANG_ENABLE_OBJC_ARC = YES;
				CLANG_ENABLE_OBJC_WEAK = YES;
				CLANG_WARN_BLOCK_CAPTURE_AUTORELEASING = YES;
				CLANG_WARN_BOOL_CONVERSION = YES;
				CLANG_WARN_COMMA = YES;
				CLANG_WARN_CONSTANT_CONVERSION = YES;
				CLANG_WARN_DEPRECATED_OBJC_IMPLEMENTATIONS = YES;
				CLANG_WARN_DIRECT_OBJC_ISA_USAGE = YES_ERROR;
				CLANG_WARN_DOCUMENTATION_COMMENTS = YES;
				CLANG_WARN_EMPTY_BODY = YES;
				CLANG_WARN_ENUM_CONVERSION = YES;
				CLANG_WARN_INFINITE_RECURSION = YES;
				CLANG_WARN_INT_CONVERSION = YES;
				CLANG_WARN_NON_LITERAL_NULL_CONVERSION = YES;
				CLANG_WARN_OBJC_IMPLICIT_RETAIN_SELF = YES;
				CLANG_WARN_OBJC_LITERAL_CONVERSION = YES;
				CLANG_WARN_OBJC_ROOT_CLASS = YES_ERROR;
				CLANG_WARN_QUOTED_INCLUDE_IN_FRAMEWORK_HEADER = YES;
				CLANG_WARN_RANGE_LOOP_ANALYSIS = YES;
				CLANG_WARN_STRICT_PROTOTYPES = YES;
				CLANG_WARN_SUSPICIOUS_MOVE = YES;
				CLANG_WARN_UNGUARDED_AVAILABILITY = YES_AGGRESSIVE;
				CLANG_WARN_UNREACHABLE_CODE = YES;
				CLANG_WARN__DUPLICATE_METHOD_MATCH = YES;
				COPY_PHASE_STRIP = NO;
				DEBUG_INFORMATION_FORMAT = dwarf;
				ENABLE_STRICT_OBJC_MSGSEND = YES;
				ENABLE_TESTABILITY = YES;
				GCC_C_LANGUAGE_STANDARD = gnu11;
				GCC_DYNAMIC_NO_PIC = NO;
				GCC_NO_COMMON_BLOCKS = YES;
				GCC_OPTIMIZATION_LEVEL = 0;
				GCC_PREPROCESSOR_DEFINITIONS = (
					"DEBUG=1",
					"$(inherited)",
				);
				GCC_WARN_64_TO_32_BIT_CONVERSION = YES;
				GCC_WARN_ABOUT_RETURN_TYPE = YES_ERROR;
				GCC_WARN_UNDECLARED_SELECTOR = YES;
				GCC_WARN_UNINITIALIZED_AUTOS = YES_AGGRESSIVE;
				GCC_WARN_UNUSED_FUNCTION = YES;
				GCC_WARN_UNUSED_VARIABLE = YES;
				IPHONEOS_DEPLOYMENT_TARGET = 14.4;
				MTL_ENABLE_DEBUG_INFO = INCLUDE_SOURCE;
				MTL_FAST_MATH = YES;
				ONLY_ACTIVE_ARCH = YES;
				SDKROOT = iphoneos;
				SWIFT_ACTIVE_COMPILATION_CONDITIONS = DEBUG;
				SWIFT_OPTIMIZATION_LEVEL = "-Onone";
			};
			name = Debug;
		};
		1D10C0DB26014B420076565C /* Release */ = {
			isa = XCBuildConfiguration;
			buildSettings = {
				ALWAYS_SEARCH_USER_PATHS = NO;
				CLANG_ANALYZER_NONNULL = YES;
				CLANG_ANALYZER_NUMBER_OBJECT_CONVERSION = YES_AGGRESSIVE;
				CLANG_CXX_LANGUAGE_STANDARD = "gnu++14";
				CLANG_CXX_LIBRARY = "libc++";
				CLANG_ENABLE_MODULES = YES;
				CLANG_ENABLE_OBJC_ARC = YES;
				CLANG_ENABLE_OBJC_WEAK = YES;
				CLANG_WARN_BLOCK_CAPTURE_AUTORELEASING = YES;
				CLANG_WARN_BOOL_CONVERSION = YES;
				CLANG_WARN_COMMA = YES;
				CLANG_WARN_CONSTANT_CONVERSION = YES;
				CLANG_WARN_DEPRECATED_OBJC_IMPLEMENTATIONS = YES;
				CLANG_WARN_DIRECT_OBJC_ISA_USAGE = YES_ERROR;
				CLANG_WARN_DOCUMENTATION_COMMENTS = YES;
				CLANG_WARN_EMPTY_BODY = YES;
				CLANG_WARN_ENUM_CONVERSION = YES;
				CLANG_WARN_INFINITE_RECURSION = YES;
				CLANG_WARN_INT_CONVERSION = YES;
				CLANG_WARN_NON_LITERAL_NULL_CONVERSION = YES;
				CLANG_WARN_OBJC_IMPLICIT_RETAIN_SELF = YES;
				CLANG_WARN_OBJC_LITERAL_CONVERSION = YES;
				CLANG_WARN_OBJC_ROOT_CLASS = YES_ERROR;
				CLANG_WARN_QUOTED_INCLUDE_IN_FRAMEWORK_HEADER = YES;
				CLANG_WARN_RANGE_LOOP_ANALYSIS = YES;
				CLANG_WARN_STRICT_PROTOTYPES = YES;
				CLANG_WARN_SUSPICIOUS_MOVE = YES;
				CLANG_WARN_UNGUARDED_AVAILABILITY = YES_AGGRESSIVE;
				CLANG_WARN_UNREACHABLE_CODE = YES;
				CLANG_WARN__DUPLICATE_METHOD_MATCH = YES;
				COPY_PHASE_STRIP = NO;
				DEBUG_INFORMATION_FORMAT = "dwarf-with-dsym";
				ENABLE_NS_ASSERTIONS = NO;
				ENABLE_STRICT_OBJC_MSGSEND = YES;
				GCC_C_LANGUAGE_STANDARD = gnu11;
				GCC_NO_COMMON_BLOCKS = YES;
				GCC_WARN_64_TO_32_BIT_CONVERSION = YES;
				GCC_WARN_ABOUT_RETURN_TYPE = YES_ERROR;
				GCC_WARN_UNDECLARED_SELECTOR = YES;
				GCC_WARN_UNINITIALIZED_AUTOS = YES_AGGRESSIVE;
				GCC_WARN_UNUSED_FUNCTION = YES;
				GCC_WARN_UNUSED_VARIABLE = YES;
				IPHONEOS_DEPLOYMENT_TARGET = 14.4;
				MTL_ENABLE_DEBUG_INFO = NO;
				MTL_FAST_MATH = YES;
				SDKROOT = iphoneos;
				SWIFT_COMPILATION_MODE = wholemodule;
				SWIFT_OPTIMIZATION_LEVEL = "-O";
				VALIDATE_PRODUCT = YES;
			};
			name = Release;
		};
		1D10C0DD26014B420076565C /* Debug */ = {
			isa = XCBuildConfiguration;
			buildSettings = {
				ASSETCATALOG_COMPILER_APPICON_NAME = AppIcon;
				ASSETCATALOG_COMPILER_GLOBAL_ACCENT_COLOR_NAME = AccentColor;
				CODE_SIGN_STYLE = Automatic;
				DEVELOPMENT_ASSET_PATHS = "\"GNAR/Preview Content\"";
				DEVELOPMENT_TEAM = 8U5DPK435L;
				ENABLE_PREVIEWS = YES;
				INFOPLIST_FILE = GNAR/Info.plist;
				LD_RUNPATH_SEARCH_PATHS = (
					"$(inherited)",
					"@executable_path/Frameworks",
				);
				PRODUCT_BUNDLE_IDENTIFIER = com.spencerH.GNAR;
				PRODUCT_NAME = "$(TARGET_NAME)";
				SWIFT_VERSION = 5.0;
				TARGETED_DEVICE_FAMILY = "1,2";
			};
			name = Debug;
		};
		1D10C0DE26014B420076565C /* Release */ = {
			isa = XCBuildConfiguration;
			buildSettings = {
				ASSETCATALOG_COMPILER_APPICON_NAME = AppIcon;
				ASSETCATALOG_COMPILER_GLOBAL_ACCENT_COLOR_NAME = AccentColor;
				CODE_SIGN_STYLE = Automatic;
				DEVELOPMENT_ASSET_PATHS = "\"GNAR/Preview Content\"";
				DEVELOPMENT_TEAM = 8U5DPK435L;
				ENABLE_PREVIEWS = YES;
				INFOPLIST_FILE = GNAR/Info.plist;
				LD_RUNPATH_SEARCH_PATHS = (
					"$(inherited)",
					"@executable_path/Frameworks",
				);
				PRODUCT_BUNDLE_IDENTIFIER = com.spencerH.GNAR;
				PRODUCT_NAME = "$(TARGET_NAME)";
				SWIFT_VERSION = 5.0;
				TARGETED_DEVICE_FAMILY = "1,2";
			};
			name = Release;
		};
/* End XCBuildConfiguration section */

/* Begin XCConfigurationList section */
		1D10C0C326014B400076565C /* Build configuration list for PBXProject "GNAR" */ = {
			isa = XCConfigurationList;
			buildConfigurations = (
				1D10C0DA26014B420076565C /* Debug */,
				1D10C0DB26014B420076565C /* Release */,
			);
			defaultConfigurationIsVisible = 0;
			defaultConfigurationName = Release;
		};
		1D10C0DC26014B420076565C /* Build configuration list for PBXNativeTarget "GNAR" */ = {
			isa = XCConfigurationList;
			buildConfigurations = (
				1D10C0DD26014B420076565C /* Debug */,
				1D10C0DE26014B420076565C /* Release */,
			);
			defaultConfigurationIsVisible = 0;
			defaultConfigurationName = Release;
		};
/* End XCConfigurationList section */
	};
	rootObject = 1D10C0C026014B400076565C /* Project object */;
}
